
Microsoft Visual Studio Solution File, Format Version 12.00
# Visual Studio Version 16
VisualStudioVersion = 16.0.809.4
MinimumVisualStudioVersion = 10.0.40219.1
Project("{FAE04EC0-301F-11D3-BF4B-00C04F79EFBC}") = "LoanAPI", "LoanAPI\LoanAPI.csproj", "{3404024C-6487-4428-92A4-7F88328B2F2D}"
EndProject
Project("{FAE04EC0-301F-11D3-BF4B-00C04F79EFBC}") = "Entities", "Entities\Entities.csproj", "{C6194E57-4506-423C-91F2-860BB7E18AC2}"
EndProject
Project("{FAE04EC0-301F-11D3-BF4B-00C04F79EFBC}") = "Repository", "Repository\Repository.csproj", "{37AC50CA-113A-4CF9-9654-E05148E6DCF7}"
EndProject
Project("{FAE04EC0-301F-11D3-BF4B-00C04F79EFBC}") = "Contracts", "Contracts\Contracts.csproj", "{552118AF-B279-4F36-88AA-D42B559E2467}"
EndProject
Project("{FAE04EC0-301F-11D3-BF4B-00C04F79EFBC}") = "LoggerService", "LoggerService\LoggerService.csproj", "{54E802F7-0845-453D-BEEB-0E3D50CD6C93}"
EndProject
Global
	GlobalSection(SolutionConfigurationPlatforms) = preSolution
		Debug|Any CPU = Debug|Any CPU
		Release|Any CPU = Release|Any CPU
	EndGlobalSection
	GlobalSection(ProjectConfigurationPlatforms) = postSolution
		{3404024C-6487-4428-92A4-7F88328B2F2D}.Debug|Any CPU.ActiveCfg = Debug|Any CPU
		{3404024C-6487-4428-92A4-7F88328B2F2D}.Debug|Any CPU.Build.0 = Debug|Any CPU
		{3404024C-6487-4428-92A4-7F88328B2F2D}.Release|Any CPU.ActiveCfg = Release|Any CPU
		{3404024C-6487-4428-92A4-7F88328B2F2D}.Release|Any CPU.Build.0 = Release|Any CPU
		{C6194E57-4506-423C-91F2-860BB7E18AC2}.Debug|Any CPU.ActiveCfg = Debug|Any CPU
		{C6194E57-4506-423C-91F2-860BB7E18AC2}.Debug|Any CPU.Build.0 = Debug|Any CPU
		{C6194E57-4506-423C-91F2-860BB7E18AC2}.Release|Any CPU.ActiveCfg = Release|Any CPU
		{C6194E57-4506-423C-91F2-860BB7E18AC2}.Release|Any CPU.Build.0 = Release|Any CPU
		{37AC50CA-113A-4CF9-9654-E05148E6DCF7}.Debug|Any CPU.ActiveCfg = Debug|Any CPU
		{37AC50CA-113A-4CF9-9654-E05148E6DCF7}.Debug|Any CPU.Build.0 = Debug|Any CPU
		{37AC50CA-113A-4CF9-9654-E05148E6DCF7}.Release|Any CPU.ActiveCfg = Release|Any CPU
		{37AC50CA-113A-4CF9-9654-E05148E6DCF7}.Release|Any CPU.Build.0 = Release|Any CPU
		{552118AF-B279-4F36-88AA-D42B559E2467}.Debug|Any CPU.ActiveCfg = Debug|Any CPU
		{552118AF-B279-4F36-88AA-D42B559E2467}.Debug|Any CPU.Build.0 = Debug|Any CPU
		{552118AF-B279-4F36-88AA-D42B559E2467}.Release|Any CPU.ActiveCfg = Release|Any CPU
		{552118AF-B279-4F36-88AA-D42B559E2467}.Release|Any CPU.Build.0 = Release|Any CPU
		{54E802F7-0845-453D-BEEB-0E3D50CD6C93}.Debug|Any CPU.ActiveCfg = Debug|Any CPU
		{54E802F7-0845-453D-BEEB-0E3D50CD6C93}.Debug|Any CPU.Build.0 = Debug|Any CPU
		{54E802F7-0845-453D-BEEB-0E3D50CD6C93}.Release|Any CPU.ActiveCfg = Release|Any CPU
		{54E802F7-0845-453D-BEEB-0E3D50CD6C93}.Release|Any CPU.Build.0 = Release|Any CPU
	EndGlobalSection
	GlobalSection(SolutionProperties) = preSolution
		HideSolutionNode = FALSE
	EndGlobalSection
	GlobalSection(ExtensibilityGlobals) = postSolution
		SolutionGuid = {E9ABA3AD-C267-496C-976E-32A84C73DCEA}
	EndGlobalSection
EndGlobal
